
Microsoft Visual Studio Solution File, Format Version 12.00
# Visual Studio 2012
Project("{FAE04EC0-301F-11D3-BF4B-00C04F79EFBC}") = "cst227_milestone3", "cst227_milestone3\cst227_milestone3.csproj", "{B038B558-7B0B-4EF5-A6A3-75D0F4CF47FF}"
EndProject
Global
	GlobalSection(SolutionConfigurationPlatforms) = preSolution
		Debug|x86 = Debug|x86
		Release|x86 = Release|x86
	EndGlobalSection
	GlobalSection(ProjectConfigurationPlatforms) = postSolution
		{B038B558-7B0B-4EF5-A6A3-75D0F4CF47FF}.Debug|x86.ActiveCfg = Debug|x86
		{B038B558-7B0B-4EF5-A6A3-75D0F4CF47FF}.Debug|x86.Build.0 = Debug|x86
		{B038B558-7B0B-4EF5-A6A3-75D0F4CF47FF}.Release|x86.ActiveCfg = Release|x86
		{B038B558-7B0B-4EF5-A6A3-75D0F4CF47FF}.Release|x86.Build.0 = Release|x86
	EndGlobalSection
EndGlobal
